Microsoft Visual Studio Solution File, Format Version 12.00
# Visual Studio Version 17
VisualStudioVersion = 17.0.31903.59
MinimumVisualStudioVersion = 10.0.40219.1
Project("{FAE04EC0-301F-11D3-BF4B-00C04F79EFBC}") = "InsightLearn.WebAssembly", "src\InsightLearn.WebAssembly\InsightLearn.WebAssembly.csproj", "{WASM-GUID}"
EndProject
Project("{FAE04EC0-301F-11D3-BF4B-00C04F79EFBC}") = "InsightLearn.Core", "src\InsightLearn.Core\InsightLearn.Core.csproj", "{CORE-GUID}"
EndProject
Project("{FAE04EC0-301F-11D3-BF4B-00C04F79EFBC}") = "InsightLearn.Infrastructure", "src\InsightLearn.Infrastructure\InsightLearn.Infrastructure.csproj", "{INFRA-GUID}"
EndProject
Project("{FAE04EC0-301F-11D3-BF4B-00C04F79EFBC}") = "InsightLearn.Application", "src\InsightLearn.Application\InsightLearn.Application.csproj", "{APP-GUID}"
EndProject
Global
	GlobalSection(SolutionConfigurationPlatforms) = preSolution
		Debug|Any CPU = Debug|Any CPU
		Release|Any CPU = Release|Any CPU
	EndGlobalSection
	GlobalSection(SolutionProperties) = preSolution
		HideSolutionNode = FALSE
	EndGlobalSection
EndGlobal
